// !$*UTF8*$!
{
	archiveVersion = 1;
	classes = {
	};
	objectVersion = 51;
	objects = {

/* Begin PBXBuildFile section */
		61831B4BB7608EF04F48F0FE /* Pods_ProyectoDiploIOS.framework in Frameworks */ = {isa = PBXBuildFile; fileRef = F16D1AB63EC7760793E5CB98 /* Pods_ProyectoDiploIOS.framework */; };
		770FBE7B23FF13EA00FBADA8 /* LoginUserViewController.swift in Sources */ = {isa = PBXBuildFile; fileRef = 770FBE7A23FF13EA00FBADA8 /* LoginUserViewController.swift */; };
		770FBE7D23FF145C00FBADA8 /* LoginCommerceViewController.swift in Sources */ = {isa = PBXBuildFile; fileRef = 770FBE7C23FF145C00FBADA8 /* LoginCommerceViewController.swift */; };
		770FD71A24007D15006AB589 /* UserViews.storyboard in Resources */ = {isa = PBXBuildFile; fileRef = 770FD71924007D15006AB589 /* UserViews.storyboard */; };
		770FD71C240095E5006AB589 /* UserProfileViewController.swift in Sources */ = {isa = PBXBuildFile; fileRef = 770FD71B240095E5006AB589 /* UserProfileViewController.swift */; };
		770FD71E2400A0FD006AB589 /* EditProfileViewController.swift in Sources */ = {isa = PBXBuildFile; fileRef = 770FD71D2400A0FD006AB589 /* EditProfileViewController.swift */; };
		770FD72224026DA7006AB589 /* FirestoreRepositoryForUsers.swift in Sources */ = {isa = PBXBuildFile; fileRef = 770FD72124026DA7006AB589 /* FirestoreRepositoryForUsers.swift */; };
		770FD7242403647B006AB589 /* SevicesByCategoryCollectionViewController.swift in Sources */ = {isa = PBXBuildFile; fileRef = 770FD7232403647B006AB589 /* SevicesByCategoryCollectionViewController.swift */; };
		770FD72624038545006AB589 /* imageConvert.swift in Sources */ = {isa = PBXBuildFile; fileRef = 770FD72524038544006AB589 /* imageConvert.swift */; };
		77698F2F23FF1F19000E2115 /* ListServicesViewController.swift in Sources */ = {isa = PBXBuildFile; fileRef = 77698F2E23FF1F19000E2115 /* ListServicesViewController.swift */; };
		77698F3323FF2774000E2115 /* UserTabBarController.swift in Sources */ = {isa = PBXBuildFile; fileRef = 77698F3223FF2774000E2115 /* UserTabBarController.swift */; };
		778EE60E23FDD47800BFB635 /* KeychainSwiftDistrib.swift in Sources */ = {isa = PBXBuildFile; fileRef = 778EE60D23FDD47800BFB635 /* KeychainSwiftDistrib.swift */; };
		778EE61023FDD4A000BFB635 /* KeychainManager.swift in Sources */ = {isa = PBXBuildFile; fileRef = 778EE60F23FDD4A000BFB635 /* KeychainManager.swift */; };
		778EE62123FDD5BA00BFB635 /* KeychainTest.swift in Sources */ = {isa = PBXBuildFile; fileRef = 778EE62023FDD5BA00BFB635 /* KeychainTest.swift */; };
		778EE62523FE07EB00BFB635 /* AlertsCreator.swift in Sources */ = {isa = PBXBuildFile; fileRef = 778EE62423FE07EA00BFB635 /* AlertsCreator.swift */; };
		778EE62823FE4D8500BFB635 /* RegisterUsersViewController.swift in Sources */ = {isa = PBXBuildFile; fileRef = 778EE62623FE4D8500BFB635 /* RegisterUsersViewController.swift */; };
		778EE62923FE4D8500BFB635 /* RegisterUsersViewController.xib in Resources */ = {isa = PBXBuildFile; fileRef = 778EE62723FE4D8500BFB635 /* RegisterUsersViewController.xib */; };
		9980B564F61BD5E407EB4CCF /* Pods_ProyectoDiploIOSTests.framework in Frameworks */ = {isa = PBXBuildFile; fileRef = C76F777F2191E4D11894A64D /* Pods_ProyectoDiploIOSTests.framework */; };
		E12A791923989319003C7F42 /* AppDelegate.swift in Sources */ = {isa = PBXBuildFile; fileRef = E12A791823989319003C7F42 /* AppDelegate.swift */; };
		E12A791B23989319003C7F42 /* SceneDelegate.swift in Sources */ = {isa = PBXBuildFile; fileRef = E12A791A23989319003C7F42 /* SceneDelegate.swift */; };
		E12A791D23989319003C7F42 /* InitialViewController.swift in Sources */ = {isa = PBXBuildFile; fileRef = E12A791C23989319003C7F42 /* InitialViewController.swift */; };
		E12A792023989319003C7F42 /* Main.storyboard in Resources */ = {isa = PBXBuildFile; fileRef = E12A791E23989319003C7F42 /* Main.storyboard */; };
		E12A79222398931E003C7F42 /* Assets.xcassets in Resources */ = {isa = PBXBuildFile; fileRef = E12A79212398931E003C7F42 /* Assets.xcassets */; };
		E12A79252398931E003C7F42 /* LaunchScreen.storyboard in Resources */ = {isa = PBXBuildFile; fileRef = E12A79232398931E003C7F42 /* LaunchScreen.storyboard */; };
		E12A792E23989E94003C7F42 /* ServerUser.swift in Sources */ = {isa = PBXBuildFile; fileRef = E12A792D23989E94003C7F42 /* ServerUser.swift */; };
		E12A793023989EC2003C7F42 /* Service.swift in Sources */ = {isa = PBXBuildFile; fileRef = E12A792F23989EC2003C7F42 /* Service.swift */; };
		E12A79322398A1D3003C7F42 /* Address.swift in Sources */ = {isa = PBXBuildFile; fileRef = E12A79312398A1D3003C7F42 /* Address.swift */; };
		E12A79342398A1ED003C7F42 /* Comment.swift in Sources */ = {isa = PBXBuildFile; fileRef = E12A79332398A1ED003C7F42 /* Comment.swift */; };
		E12A79362398A567003C7F42 /* User.swift in Sources */ = {isa = PBXBuildFile; fileRef = E12A79352398A567003C7F42 /* User.swift */; };
		E12A79382398A949003C7F42 /* Hiring.swift in Sources */ = {isa = PBXBuildFile; fileRef = E12A79372398A949003C7F42 /* Hiring.swift */; };
		E12A793F2399F920003C7F42 /* ServerUserServices.swift in Sources */ = {isa = PBXBuildFile; fileRef = E12A793E2399F920003C7F42 /* ServerUserServices.swift */; };
		E12A79432399FD3C003C7F42 /* ServiceServices.swift in Sources */ = {isa = PBXBuildFile; fileRef = E12A79422399FD3C003C7F42 /* ServiceServices.swift */; };
		E1A2D60623EA5F8800AF3ADA /* GoogleService-Info.plist in Resources */ = {isa = PBXBuildFile; fileRef = E1A2D60523EA5F8800AF3ADA /* GoogleService-Info.plist */; };
		E1A2D63723FA2A5B00AF3ADA /* ServicioUIViewController.swift in Sources */ = {isa = PBXBuildFile; fileRef = E1A2D63523FA2A5B00AF3ADA /* ServicioUIViewController.swift */; };
		E1A2D63823FA2A5B00AF3ADA /* ServicioUIViewController.xib in Resources */ = {isa = PBXBuildFile; fileRef = E1A2D63623FA2A5B00AF3ADA /* ServicioUIViewController.xib */; };
		E1A2D63D2402FF9900AF3ADA /* Mapper.swift in Sources */ = {isa = PBXBuildFile; fileRef = E1A2D63C2402FF9900AF3ADA /* Mapper.swift */; };
		E1A2D63F240308F600AF3ADA /* ServicesViews.storyboard in Resources */ = {isa = PBXBuildFile; fileRef = E1A2D63E240308F600AF3ADA /* ServicesViews.storyboard */; };
		E1A2D6432403148B00AF3ADA /* CreateServiceViewController.swift in Sources */ = {isa = PBXBuildFile; fileRef = E1A2D6422403148B00AF3ADA /* CreateServiceViewController.swift */; };
/* End PBXBuildFile section */

/* Begin PBXContainerItemProxy section */
		778EE61B23FDD59000BFB635 /* PBXContainerItemProxy */ = {
			isa = PBXContainerItemProxy;
			containerPortal = E12A790D23989319003C7F42 /* Project object */;
			proxyType = 1;
			remoteGlobalIDString = E12A791423989319003C7F42;
			remoteInfo = ProyectoDiploIOS;
		};
/* End PBXContainerItemProxy section */

/* Begin PBXFileReference section */
		08EDC126DC4A6CDA6C1439DA /* Pods-ProyectoDiploIOSTests.release.xcconfig */ = {isa = PBXFileReference; includeInIndex = 1; lastKnownFileType = text.xcconfig; name = "Pods-ProyectoDiploIOSTests.release.xcconfig"; path = "Target Support Files/Pods-ProyectoDiploIOSTests/Pods-ProyectoDiploIOSTests.release.xcconfig"; sourceTree = "<group>"; };
		6F0FB2D3CDF1F74E7107C13F /* Pods-ProyectoDiploIOS.debug.xcconfig */ = {isa = PBXFileReference; includeInIndex = 1; lastKnownFileType = text.xcconfig; name = "Pods-ProyectoDiploIOS.debug.xcconfig"; path = "Target Support Files/Pods-ProyectoDiploIOS/Pods-ProyectoDiploIOS.debug.xcconfig"; sourceTree = "<group>"; };
		770FBE7A23FF13EA00FBADA8 /* LoginUserViewController.swift */ = {isa = PBXFileReference; lastKnownFileType = sourcecode.swift; path = LoginUserViewController.swift; sourceTree = "<group>"; };
		770FBE7C23FF145C00FBADA8 /* LoginCommerceViewController.swift */ = {isa = PBXFileReference; lastKnownFileType = sourcecode.swift; path = LoginCommerceViewController.swift; sourceTree = "<group>"; };
		770FD71924007D15006AB589 /* UserViews.storyboard */ = {isa = PBXFileReference; lastKnownFileType = file.storyboard; path = UserViews.storyboard; sourceTree = "<group>"; };
		770FD71B240095E5006AB589 /* UserProfileViewController.swift */ = {isa = PBXFileReference; lastKnownFileType = sourcecode.swift; path = UserProfileViewController.swift; sourceTree = "<group>"; };
		770FD71D2400A0FD006AB589 /* EditProfileViewController.swift */ = {isa = PBXFileReference; lastKnownFileType = sourcecode.swift; path = EditProfileViewController.swift; sourceTree = "<group>"; };
		770FD72124026DA7006AB589 /* FirestoreRepositoryForUsers.swift */ = {isa = PBXFileReference; lastKnownFileType = sourcecode.swift; path = FirestoreRepositoryForUsers.swift; sourceTree = "<group>"; };
		770FD7232403647B006AB589 /* SevicesByCategoryCollectionViewController.swift */ = {isa = PBXFileReference; lastKnownFileType = sourcecode.swift; path = SevicesByCategoryCollectionViewController.swift; sourceTree = "<group>"; };
		770FD72524038544006AB589 /* imageConvert.swift */ = {isa = PBXFileReference; lastKnownFileType = sourcecode.swift; path = imageConvert.swift; sourceTree = "<group>"; };
		77698F2E23FF1F19000E2115 /* ListServicesViewController.swift */ = {isa = PBXFileReference; lastKnownFileType = sourcecode.swift; path = ListServicesViewController.swift; sourceTree = "<group>"; };
		77698F3223FF2774000E2115 /* UserTabBarController.swift */ = {isa = PBXFileReference; lastKnownFileType = sourcecode.swift; path = UserTabBarController.swift; sourceTree = "<group>"; };
		778EE60D23FDD47800BFB635 /* KeychainSwiftDistrib.swift */ = {isa = PBXFileReference; lastKnownFileType = sourcecode.swift; path = KeychainSwiftDistrib.swift; sourceTree = "<group>"; };
		778EE60F23FDD4A000BFB635 /* KeychainManager.swift */ = {isa = PBXFileReference; lastKnownFileType = sourcecode.swift; path = KeychainManager.swift; sourceTree = "<group>"; };
		778EE61623FDD59000BFB635 /* ProyectoDiploIOSTests.xctest */ = {isa = PBXFileReference; explicitFileType = wrapper.cfbundle; includeInIndex = 0; path = ProyectoDiploIOSTests.xctest; sourceTree = BUILT_PRODUCTS_DIR; };
		778EE61A23FDD59000BFB635 /* Info.plist */ = {isa = PBXFileReference; lastKnownFileType = text.plist.xml; path = Info.plist; sourceTree = "<group>"; };
		778EE62023FDD5BA00BFB635 /* KeychainTest.swift */ = {isa = PBXFileReference; lastKnownFileType = sourcecode.swift; path = KeychainTest.swift; sourceTree = "<group>"; };
		778EE62423FE07EA00BFB635 /* AlertsCreator.swift */ = {isa = PBXFileReference; lastKnownFileType = sourcecode.swift; path = AlertsCreator.swift; sourceTree = "<group>"; };
		778EE62623FE4D8500BFB635 /* RegisterUsersViewController.swift */ = {isa = PBXFileReference; lastKnownFileType = sourcecode.swift; path = RegisterUsersViewController.swift; sourceTree = "<group>"; };
		778EE62723FE4D8500BFB635 /* RegisterUsersViewController.xib */ = {isa = PBXFileReference; lastKnownFileType = file.xib; path = RegisterUsersViewController.xib; sourceTree = "<group>"; };
		7BD8A671DEC09F4F53B401FD /* Pods-ProyectoDiploIOSTests.debug.xcconfig */ = {isa = PBXFileReference; includeInIndex = 1; lastKnownFileType = text.xcconfig; name = "Pods-ProyectoDiploIOSTests.debug.xcconfig"; path = "Target Support Files/Pods-ProyectoDiploIOSTests/Pods-ProyectoDiploIOSTests.debug.xcconfig"; sourceTree = "<group>"; };
		C346E88F22699875849E3DC0 /* Pods-ProyectoDiploIOS.release.xcconfig */ = {isa = PBXFileReference; includeInIndex = 1; lastKnownFileType = text.xcconfig; name = "Pods-ProyectoDiploIOS.release.xcconfig"; path = "Target Support Files/Pods-ProyectoDiploIOS/Pods-ProyectoDiploIOS.release.xcconfig"; sourceTree = "<group>"; };
		C76F777F2191E4D11894A64D /* Pods_ProyectoDiploIOSTests.framework */ = {isa = PBXFileReference; explicitFileType = wrapper.framework; includeInIndex = 0; path = Pods_ProyectoDiploIOSTests.framework; sourceTree = BUILT_PRODUCTS_DIR; };
		E12A791523989319003C7F42 /* ProyectoDiploIOS.app */ = {isa = PBXFileReference; explicitFileType = wrapper.application; includeInIndex = 0; path = ProyectoDiploIOS.app; sourceTree = BUILT_PRODUCTS_DIR; };
		E12A791823989319003C7F42 /* AppDelegate.swift */ = {isa = PBXFileReference; lastKnownFileType = sourcecode.swift; path = AppDelegate.swift; sourceTree = "<group>"; };
		E12A791A23989319003C7F42 /* SceneDelegate.swift */ = {isa = PBXFileReference; lastKnownFileType = sourcecode.swift; path = SceneDelegate.swift; sourceTree = "<group>"; };
		E12A791C23989319003C7F42 /* InitialViewController.swift */ = {isa = PBXFileReference; lastKnownFileType = sourcecode.swift; path = InitialViewController.swift; sourceTree = "<group>"; };
		E12A791F23989319003C7F42 /* Base */ = {isa = PBXFileReference; lastKnownFileType = file.storyboard; name = Base; path = Base.lproj/Main.storyboard; sourceTree = "<group>"; };
		E12A79212398931E003C7F42 /* Assets.xcassets */ = {isa = PBXFileReference; lastKnownFileType = folder.assetcatalog; path = Assets.xcassets; sourceTree = "<group>"; };
		E12A79242398931E003C7F42 /* Base */ = {isa = PBXFileReference; lastKnownFileType = file.storyboard; name = Base; path = Base.lproj/LaunchScreen.storyboard; sourceTree = "<group>"; };
		E12A79262398931E003C7F42 /* Info.plist */ = {isa = PBXFileReference; lastKnownFileType = text.plist.xml; path = Info.plist; sourceTree = "<group>"; };
		E12A792D23989E94003C7F42 /* ServerUser.swift */ = {isa = PBXFileReference; lastKnownFileType = sourcecode.swift; path = ServerUser.swift; sourceTree = "<group>"; };
		E12A792F23989EC2003C7F42 /* Service.swift */ = {isa = PBXFileReference; lastKnownFileType = sourcecode.swift; path = Service.swift; sourceTree = "<group>"; };
		E12A79312398A1D3003C7F42 /* Address.swift */ = {isa = PBXFileReference; lastKnownFileType = sourcecode.swift; path = Address.swift; sourceTree = "<group>"; };
		E12A79332398A1ED003C7F42 /* Comment.swift */ = {isa = PBXFileReference; lastKnownFileType = sourcecode.swift; path = Comment.swift; sourceTree = "<group>"; };
		E12A79352398A567003C7F42 /* User.swift */ = {isa = PBXFileReference; lastKnownFileType = sourcecode.swift; path = User.swift; sourceTree = "<group>"; };
		E12A79372398A949003C7F42 /* Hiring.swift */ = {isa = PBXFileReference; lastKnownFileType = sourcecode.swift; path = Hiring.swift; sourceTree = "<group>"; };
		E12A793E2399F920003C7F42 /* ServerUserServices.swift */ = {isa = PBXFileReference; lastKnownFileType = sourcecode.swift; path = ServerUserServices.swift; sourceTree = "<group>"; };
		E12A79422399FD3C003C7F42 /* ServiceServices.swift */ = {isa = PBXFileReference; lastKnownFileType = sourcecode.swift; path = ServiceServices.swift; sourceTree = "<group>"; };
		E1A2D60523EA5F8800AF3ADA /* GoogleService-Info.plist */ = {isa = PBXFileReference; lastKnownFileType = text.plist; path = "GoogleService-Info.plist"; sourceTree = SOURCE_ROOT; };
		E1A2D63523FA2A5B00AF3ADA /* ServicioUIViewController.swift */ = {isa = PBXFileReference; lastKnownFileType = sourcecode.swift; path = ServicioUIViewController.swift; sourceTree = "<group>"; };
		E1A2D63623FA2A5B00AF3ADA /* ServicioUIViewController.xib */ = {isa = PBXFileReference; lastKnownFileType = file.xib; path = ServicioUIViewController.xib; sourceTree = "<group>"; };
		E1A2D63C2402FF9900AF3ADA /* Mapper.swift */ = {isa = PBXFileReference; lastKnownFileType = sourcecode.swift; path = Mapper.swift; sourceTree = "<group>"; };
		E1A2D63E240308F600AF3ADA /* ServicesViews.storyboard */ = {isa = PBXFileReference; lastKnownFileType = file.storyboard; path = ServicesViews.storyboard; sourceTree = "<group>"; };
		E1A2D6422403148B00AF3ADA /* CreateServiceViewController.swift */ = {isa = PBXFileReference; lastKnownFileType = sourcecode.swift; path = CreateServiceViewController.swift; sourceTree = "<group>"; };
		F16D1AB63EC7760793E5CB98 /* Pods_ProyectoDiploIOS.framework */ = {isa = PBXFileReference; explicitFileType = wrapper.framework; includeInIndex = 0; path = Pods_ProyectoDiploIOS.framework; sourceTree = BUILT_PRODUCTS_DIR; };
/* End PBXFileReference section */

/* Begin PBXFrameworksBuildPhase section */
		778EE61323FDD59000BFB635 /* Frameworks */ = {
			isa = PBXFrameworksBuildPhase;
			buildActionMask = 2147483647;
			files = (
				9980B564F61BD5E407EB4CCF /* Pods_ProyectoDiploIOSTests.framework in Frameworks */,
			);
			runOnlyForDeploymentPostprocessing = 0;
		};
		E12A791223989319003C7F42 /* Frameworks */ = {
			isa = PBXFrameworksBuildPhase;
			buildActionMask = 2147483647;
			files = (
				61831B4BB7608EF04F48F0FE /* Pods_ProyectoDiploIOS.framework in Frameworks */,
			);
			runOnlyForDeploymentPostprocessing = 0;
		};
/* End PBXFrameworksBuildPhase section */

/* Begin PBXGroup section */
		708AF2E778B6A843392B4C3F /* Frameworks */ = {
			isa = PBXGroup;
			children = (
				F16D1AB63EC7760793E5CB98 /* Pods_ProyectoDiploIOS.framework */,
				C76F777F2191E4D11894A64D /* Pods_ProyectoDiploIOSTests.framework */,
			);
			name = Frameworks;
			sourceTree = "<group>";
		};
		770FD7202400A3ED006AB589 /* Users */ = {
			isa = PBXGroup;
			children = (
				778EE62623FE4D8500BFB635 /* RegisterUsersViewController.swift */,
				770FBE7A23FF13EA00FBADA8 /* LoginUserViewController.swift */,
				77698F2E23FF1F19000E2115 /* ListServicesViewController.swift */,
				770FD71B240095E5006AB589 /* UserProfileViewController.swift */,
				77698F3223FF2774000E2115 /* UserTabBarController.swift */,
				770FD71D2400A0FD006AB589 /* EditProfileViewController.swift */,
				770FD7232403647B006AB589 /* SevicesByCategoryCollectionViewController.swift */,
			);
			path = Users;
			sourceTree = "<group>";
		};
		773B728B239B434700087370 /* Views */ = {
			isa = PBXGroup;
			children = (
				E12A79232398931E003C7F42 /* LaunchScreen.storyboard */,
				E12A791E23989319003C7F42 /* Main.storyboard */,
				770FD71924007D15006AB589 /* UserViews.storyboard */,
				778EE62723FE4D8500BFB635 /* RegisterUsersViewController.xib */,
				E1A2D63623FA2A5B00AF3ADA /* ServicioUIViewController.xib */,
				E1A2D63E240308F600AF3ADA /* ServicesViews.storyboard */,
			);
			path = Views;
			sourceTree = "<group>";
		};
		773B7290239B45F200087370 /* Controllers */ = {
			isa = PBXGroup;
			children = (
				E1A2D6412403143A00AF3ADA /* Services */,
				770FD7202400A3ED006AB589 /* Users */,
				E12A791C23989319003C7F42 /* InitialViewController.swift */,
				770FBE7C23FF145C00FBADA8 /* LoginCommerceViewController.swift */,
			);
			path = Controllers;
			sourceTree = "<group>";
		};
		778EE60B23FDD41900BFB635 /* Utils */ = {
			isa = PBXGroup;
			children = (
				778EE60C23FDD45800BFB635 /* Keychain */,
				778EE62423FE07EA00BFB635 /* AlertsCreator.swift */,
				770FD72524038544006AB589 /* imageConvert.swift */,
			);
			path = Utils;
			sourceTree = "<group>";
		};
		778EE60C23FDD45800BFB635 /* Keychain */ = {
			isa = PBXGroup;
			children = (
				778EE60F23FDD4A000BFB635 /* KeychainManager.swift */,
				778EE60D23FDD47800BFB635 /* KeychainSwiftDistrib.swift */,
			);
			path = Keychain;
			sourceTree = "<group>";
		};
		778EE61723FDD59000BFB635 /* ProyectoDiploIOSTests */ = {
			isa = PBXGroup;
			children = (
				778EE61A23FDD59000BFB635 /* Info.plist */,
				778EE62023FDD5BA00BFB635 /* KeychainTest.swift */,
			);
			path = ProyectoDiploIOSTests;
			sourceTree = "<group>";
		};
		DC176F123E7400A5CFC3792E /* Pods */ = {
			isa = PBXGroup;
			children = (
				6F0FB2D3CDF1F74E7107C13F /* Pods-ProyectoDiploIOS.debug.xcconfig */,
				C346E88F22699875849E3DC0 /* Pods-ProyectoDiploIOS.release.xcconfig */,
				7BD8A671DEC09F4F53B401FD /* Pods-ProyectoDiploIOSTests.debug.xcconfig */,
				08EDC126DC4A6CDA6C1439DA /* Pods-ProyectoDiploIOSTests.release.xcconfig */,
			);
			path = Pods;
			sourceTree = "<group>";
		};
		E12A790C23989319003C7F42 = {
			isa = PBXGroup;
			children = (
				E1A2D63B2402FF6300AF3ADA /* Protocols */,
				E12A791723989319003C7F42 /* ProyectoDiploIOS */,
				778EE61723FDD59000BFB635 /* ProyectoDiploIOSTests */,
				E12A791623989319003C7F42 /* Products */,
				DC176F123E7400A5CFC3792E /* Pods */,
				708AF2E778B6A843392B4C3F /* Frameworks */,
			);
			sourceTree = "<group>";
		};
		E12A791623989319003C7F42 /* Products */ = {
			isa = PBXGroup;
			children = (
				E12A791523989319003C7F42 /* ProyectoDiploIOS.app */,
				778EE61623FDD59000BFB635 /* ProyectoDiploIOSTests.xctest */,
			);
			name = Products;
			sourceTree = "<group>";
		};
		E12A791723989319003C7F42 /* ProyectoDiploIOS */ = {
			isa = PBXGroup;
			children = (
				E1A2D60523EA5F8800AF3ADA /* GoogleService-Info.plist */,
				E12A79262398931E003C7F42 /* Info.plist */,
				E12A791823989319003C7F42 /* AppDelegate.swift */,
				E12A791A23989319003C7F42 /* SceneDelegate.swift */,
				E12A79212398931E003C7F42 /* Assets.xcassets */,
				E12A792C23989E7A003C7F42 /* Models */,
				773B728B239B434700087370 /* Views */,
				773B7290239B45F200087370 /* Controllers */,
				E12A793B2399EC56003C7F42 /* Services */,
				778EE60B23FDD41900BFB635 /* Utils */,
			);
			path = ProyectoDiploIOS;
			sourceTree = "<group>";
		};
		E12A792C23989E7A003C7F42 /* Models */ = {
			isa = PBXGroup;
			children = (
				E12A79312398A1D3003C7F42 /* Address.swift */,
				E12A79332398A1ED003C7F42 /* Comment.swift */,
				E12A79372398A949003C7F42 /* Hiring.swift */,
				E12A792D23989E94003C7F42 /* ServerUser.swift */,
				E12A792F23989EC2003C7F42 /* Service.swift */,
				E12A79352398A567003C7F42 /* User.swift */,
			);
			path = Models;
			sourceTree = "<group>";
		};
		E12A793B2399EC56003C7F42 /* Services */ = {
			isa = PBXGroup;
			children = (
				770FD72124026DA7006AB589 /* FirestoreRepositoryForUsers.swift */,
				E12A793E2399F920003C7F42 /* ServerUserServices.swift */,
				E12A79422399FD3C003C7F42 /* ServiceServices.swift */,
			);
			path = Services;
			sourceTree = "<group>";
		};
		E1A2D63B2402FF6300AF3ADA /* Protocols */ = {
			isa = PBXGroup;
			children = (
				E1A2D63C2402FF9900AF3ADA /* Mapper.swift */,
			);
			path = Protocols;
			sourceTree = "<group>";
		};
		E1A2D6412403143A00AF3ADA /* Services */ = {
			isa = PBXGroup;
			children = (
				E1A2D63523FA2A5B00AF3ADA /* ServicioUIViewController.swift */,
				E1A2D6422403148B00AF3ADA /* CreateServiceViewController.swift */,
			);
			path = Services;
			sourceTree = "<group>";
		};
/* End PBXGroup section */

/* Begin PBXNativeTarget section */
		778EE61523FDD59000BFB635 /* ProyectoDiploIOSTests */ = {
			isa = PBXNativeTarget;
			buildConfigurationList = 778EE61D23FDD59000BFB635 /* Build configuration list for PBXNativeTarget "ProyectoDiploIOSTests" */;
			buildPhases = (
				1DBAC2616B90549CC1D3E1D0 /* [CP] Check Pods Manifest.lock */,
				778EE61223FDD59000BFB635 /* Sources */,
				778EE61323FDD59000BFB635 /* Frameworks */,
				778EE61423FDD59000BFB635 /* Resources */,
			);
			buildRules = (
			);
			dependencies = (
				778EE61C23FDD59000BFB635 /* PBXTargetDependency */,
			);
			name = ProyectoDiploIOSTests;
			productName = ProyectoDiploIOSTests;
			productReference = 778EE61623FDD59000BFB635 /* ProyectoDiploIOSTests.xctest */;
			productType = "com.apple.product-type.bundle.unit-test";
		};
		E12A791423989319003C7F42 /* ProyectoDiploIOS */ = {
			isa = PBXNativeTarget;
			buildConfigurationList = E12A79292398931E003C7F42 /* Build configuration list for PBXNativeTarget "ProyectoDiploIOS" */;
			buildPhases = (
				1D0202D055D0DB2F19475210 /* [CP] Check Pods Manifest.lock */,
				E12A791123989319003C7F42 /* Sources */,
				E12A791223989319003C7F42 /* Frameworks */,
				E12A791323989319003C7F42 /* Resources */,
				BCDABD465F3E48D77291ACB2 /* [CP] Embed Pods Frameworks */,
				05CB298771F60227EFD17C25 /* [CP] Copy Pods Resources */,
			);
			buildRules = (
			);
			dependencies = (
			);
			name = ProyectoDiploIOS;
			productName = ProyectoDiploIOS;
			productReference = E12A791523989319003C7F42 /* ProyectoDiploIOS.app */;
			productType = "com.apple.product-type.application";
		};
/* End PBXNativeTarget section */

/* Begin PBXProject section */
		E12A790D23989319003C7F42 /* Project object */ = {
			isa = PBXProject;
			attributes = {
				LastSwiftUpdateCheck = 1130;
				LastUpgradeCheck = 1130;
				ORGANIZATIONNAME = "Bruno Torres";
				TargetAttributes = {
					778EE61523FDD59000BFB635 = {
						CreatedOnToolsVersion = 11.3;
						TestTargetID = E12A791423989319003C7F42;
					};
					E12A791423989319003C7F42 = {
						CreatedOnToolsVersion = 11.3;
					};
				};
			};
			buildConfigurationList = E12A791023989319003C7F42 /* Build configuration list for PBXProject "ProyectoDiploIOS" */;
			compatibilityVersion = "Xcode 9.3";
			developmentRegion = en;
			hasScannedForEncodings = 0;
			knownRegions = (
				en,
				Base,
			);
			mainGroup = E12A790C23989319003C7F42;
			productRefGroup = E12A791623989319003C7F42 /* Products */;
			projectDirPath = "";
			projectRoot = "";
			targets = (
				E12A791423989319003C7F42 /* ProyectoDiploIOS */,
				778EE61523FDD59000BFB635 /* ProyectoDiploIOSTests */,
			);
		};
/* End PBXProject section */

/* Begin PBXResourcesBuildPhase section */
		778EE61423FDD59000BFB635 /* Resources */ = {
			isa = PBXResourcesBuildPhase;
			buildActionMask = 2147483647;
			files = (
			);
			runOnlyForDeploymentPostprocessing = 0;
		};
		E12A791323989319003C7F42 /* Resources */ = {
			isa = PBXResourcesBuildPhase;
			buildActionMask = 2147483647;
			files = (
				770FD71A24007D15006AB589 /* UserViews.storyboard in Resources */,
				E1A2D63F240308F600AF3ADA /* ServicesViews.storyboard in Resources */,
				778EE62923FE4D8500BFB635 /* RegisterUsersViewController.xib in Resources */,
				E12A79252398931E003C7F42 /* LaunchScreen.storyboard in Resources */,
				E1A2D60623EA5F8800AF3ADA /* GoogleService-Info.plist in Resources */,
				E12A79222398931E003C7F42 /* Assets.xcassets in Resources */,
				E12A792023989319003C7F42 /* Main.storyboard in Resources */,
				E1A2D63823FA2A5B00AF3ADA /* ServicioUIViewController.xib in Resources */,
			);
			runOnlyForDeploymentPostprocessing = 0;
		};
/* End PBXResourcesBuildPhase section */

/* Begin PBXShellScriptBuildPhase section */
		05CB298771F60227EFD17C25 /* [CP] Copy Pods Resources */ = {
			isa = PBXShellScriptBuildPhase;
			buildActionMask = 2147483647;
			files = (
			);
			inputFileListPaths = (
				"${PODS_ROOT}/Target Support Files/Pods-ProyectoDiploIOS/Pods-ProyectoDiploIOS-resources-${CONFIGURATION}-input-files.xcfilelist",
			);
			name = "[CP] Copy Pods Resources";
			outputFileListPaths = (
				"${PODS_ROOT}/Target Support Files/Pods-ProyectoDiploIOS/Pods-ProyectoDiploIOS-resources-${CONFIGURATION}-output-files.xcfilelist",
			);
			runOnlyForDeploymentPostprocessing = 0;
			shellPath = /bin/sh;
			shellScript = "\"${PODS_ROOT}/Target Support Files/Pods-ProyectoDiploIOS/Pods-ProyectoDiploIOS-resources.sh\"\n";
			showEnvVarsInLog = 0;
		};
		1D0202D055D0DB2F19475210 /* [CP] Check Pods Manifest.lock */ = {
			isa = PBXShellScriptBuildPhase;
			buildActionMask = 2147483647;
			files = (
			);
			inputFileListPaths = (
			);
			inputPaths = (
				"${PODS_PODFILE_DIR_PATH}/Podfile.lock",
				"${PODS_ROOT}/Manifest.lock",
			);
			name = "[CP] Check Pods Manifest.lock";
			outputFileListPaths = (
			);
			outputPaths = (
				"$(DERIVED_FILE_DIR)/Pods-ProyectoDiploIOS-checkManifestLockResult.txt",
			);
			runOnlyForDeploymentPostprocessing = 0;
			shellPath = /bin/sh;
			shellScript = "diff \"${PODS_PODFILE_DIR_PATH}/Podfile.lock\" \"${PODS_ROOT}/Manifest.lock\" > /dev/null\nif [ $? != 0 ] ; then\n    # print error to STDERR\n    echo \"error: The sandbox is not in sync with the Podfile.lock. Run 'pod install' or update your CocoaPods installation.\" >&2\n    exit 1\nfi\n# This output is used by Xcode 'outputs' to avoid re-running this script phase.\necho \"SUCCESS\" > \"${SCRIPT_OUTPUT_FILE_0}\"\n";
			showEnvVarsInLog = 0;
		};
		1DBAC2616B90549CC1D3E1D0 /* [CP] Check Pods Manifest.lock */ = {
			isa = PBXShellScriptBuildPhase;
			buildActionMask = 2147483647;
			files = (
			);
			inputFileListPaths = (
			);
			inputPaths = (
				"${PODS_PODFILE_DIR_PATH}/Podfile.lock",
				"${PODS_ROOT}/Manifest.lock",
			);
			name = "[CP] Check Pods Manifest.lock";
			outputFileListPaths = (
			);
			outputPaths = (
				"$(DERIVED_FILE_DIR)/Pods-ProyectoDiploIOSTests-checkManifestLockResult.txt",
			);
			runOnlyForDeploymentPostprocessing = 0;
			shellPath = /bin/sh;
			shellScript = "diff \"${PODS_PODFILE_DIR_PATH}/Podfile.lock\" \"${PODS_ROOT}/Manifest.lock\" > /dev/null\nif [ $? != 0 ] ; then\n    # print error to STDERR\n    echo \"error: The sandbox is not in sync with the Podfile.lock. Run 'pod install' or update your CocoaPods installation.\" >&2\n    exit 1\nfi\n# This output is used by Xcode 'outputs' to avoid re-running this script phase.\necho \"SUCCESS\" > \"${SCRIPT_OUTPUT_FILE_0}\"\n";
			showEnvVarsInLog = 0;
		};
		BCDABD465F3E48D77291ACB2 /* [CP] Embed Pods Frameworks */ = {
			isa = PBXShellScriptBuildPhase;
			buildActionMask = 2147483647;
			files = (
			);
			inputFileListPaths = (
				"${PODS_ROOT}/Target Support Files/Pods-ProyectoDiploIOS/Pods-ProyectoDiploIOS-frameworks-${CONFIGURATION}-input-files.xcfilelist",
			);
			name = "[CP] Embed Pods Frameworks";
			outputFileListPaths = (
				"${PODS_ROOT}/Target Support Files/Pods-ProyectoDiploIOS/Pods-ProyectoDiploIOS-frameworks-${CONFIGURATION}-output-files.xcfilelist",
			);
			runOnlyForDeploymentPostprocessing = 0;
			shellPath = /bin/sh;
			shellScript = "\"${PODS_ROOT}/Target Support Files/Pods-ProyectoDiploIOS/Pods-ProyectoDiploIOS-frameworks.sh\"\n";
			showEnvVarsInLog = 0;
		};
/* End PBXShellScriptBuildPhase section */

/* Begin PBXSourcesBuildPhase section */
		778EE61223FDD59000BFB635 /* Sources */ = {
			isa = PBXSourcesBuildPhase;
			buildActionMask = 2147483647;
			files = (
				778EE62123FDD5BA00BFB635 /* KeychainTest.swift in Sources */,
			);
			runOnlyForDeploymentPostprocessing = 0;
		};
		E12A791123989319003C7F42 /* Sources */ = {
			isa = PBXSourcesBuildPhase;
			buildActionMask = 2147483647;
			files = (
				77698F3323FF2774000E2115 /* UserTabBarController.swift in Sources */,
				E12A793F2399F920003C7F42 /* ServerUserServices.swift in Sources */,
				770FBE7D23FF145C00FBADA8 /* LoginCommerceViewController.swift in Sources */,
				E12A79322398A1D3003C7F42 /* Address.swift in Sources */,
				E1A2D63D2402FF9900AF3ADA /* Mapper.swift in Sources */,
				778EE62823FE4D8500BFB635 /* RegisterUsersViewController.swift in Sources */,
				E12A792E23989E94003C7F42 /* ServerUser.swift in Sources */,
				E12A791D23989319003C7F42 /* InitialViewController.swift in Sources */,
				E12A79432399FD3C003C7F42 /* ServiceServices.swift in Sources */,
				770FD71C240095E5006AB589 /* UserProfileViewController.swift in Sources */,
				770FD71E2400A0FD006AB589 /* EditProfileViewController.swift in Sources */,
				E12A79342398A1ED003C7F42 /* Comment.swift in Sources */,
				E12A79362398A567003C7F42 /* User.swift in Sources */,
				778EE60E23FDD47800BFB635 /* KeychainSwiftDistrib.swift in Sources */,
				E1A2D63723FA2A5B00AF3ADA /* ServicioUIViewController.swift in Sources */,
				E1A2D6432403148B00AF3ADA /* CreateServiceViewController.swift in Sources */,
				770FD7242403647B006AB589 /* SevicesByCategoryCollectionViewController.swift in Sources */,
				770FBE7B23FF13EA00FBADA8 /* LoginUserViewController.swift in Sources */,
				E12A793023989EC2003C7F42 /* Service.swift in Sources */,
				77698F2F23FF1F19000E2115 /* ListServicesViewController.swift in Sources */,
				778EE61023FDD4A000BFB635 /* KeychainManager.swift in Sources */,
				E12A791923989319003C7F42 /* AppDelegate.swift in Sources */,
				770FD72624038545006AB589 /* imageConvert.swift in Sources */,
				778EE62523FE07EB00BFB635 /* AlertsCreator.swift in Sources */,
				E12A79382398A949003C7F42 /* Hiring.swift in Sources */,
				E12A791B23989319003C7F42 /* SceneDelegate.swift in Sources */,
				770FD72224026DA7006AB589 /* FirestoreRepositoryForUsers.swift in Sources */,
			);
			runOnlyForDeploymentPostprocessing = 0;
		};
/* End PBXSourcesBuildPhase section */

/* Begin PBXTargetDependency section */
		778EE61C23FDD59000BFB635 /* PBXTargetDependency */ = {
			isa = PBXTargetDependency;
			target = E12A791423989319003C7F42 /* ProyectoDiploIOS */;
			targetProxy = 778EE61B23FDD59000BFB635 /* PBXContainerItemProxy */;
		};
/* End PBXTargetDependency section */

/* Begin PBXVariantGroup section */
		E12A791E23989319003C7F42 /* Main.storyboard */ = {
			isa = PBXVariantGroup;
			children = (
				E12A791F23989319003C7F42 /* Base */,
			);
			name = Main.storyboard;
			sourceTree = "<group>";
		};
		E12A79232398931E003C7F42 /* LaunchScreen.storyboard */ = {
			isa = PBXVariantGroup;
			children = (
				E12A79242398931E003C7F42 /* Base */,
			);
			name = LaunchScreen.storyboard;
			sourceTree = "<group>";
		};
/* End PBXVariantGroup section */

/* Begin XCBuildConfiguration section */
		778EE61E23FDD59000BFB635 /* Debug */ = {
			isa = XCBuildConfiguration;
			baseConfigurationReference = 7BD8A671DEC09F4F53B401FD /* Pods-ProyectoDiploIOSTests.debug.xcconfig */;
			buildSettings = {
				BUNDLE_LOADER = "$(TEST_HOST)";
				CODE_SIGN_STYLE = Automatic;
				DEVELOPMENT_TEAM = F2BL68NTA5;
				INFOPLIST_FILE = ProyectoDiploIOSTests/Info.plist;
				LD_RUNPATH_SEARCH_PATHS = (
					"$(inherited)",
					"@executable_path/Frameworks",
					"@loader_path/Frameworks",
				);
				PRODUCT_BUNDLE_IDENTIFIER = unam.ProyectoDiploIOSTests;
				PRODUCT_NAME = "$(TARGET_NAME)";
				SWIFT_VERSION = 5.0;
				TARGETED_DEVICE_FAMILY = "1,2";
				TEST_HOST = "$(BUILT_PRODUCTS_DIR)/ProyectoDiploIOS.app/ProyectoDiploIOS";
			};
			name = Debug;
		};
		778EE61F23FDD59000BFB635 /* Release */ = {
			isa = XCBuildConfiguration;
			baseConfigurationReference = 08EDC126DC4A6CDA6C1439DA /* Pods-ProyectoDiploIOSTests.release.xcconfig */;
			buildSettings = {
				BUNDLE_LOADER = "$(TEST_HOST)";
				CODE_SIGN_STYLE = Automatic;
				DEVELOPMENT_TEAM = F2BL68NTA5;
				INFOPLIST_FILE = ProyectoDiploIOSTests/Info.plist;
				LD_RUNPATH_SEARCH_PATHS = (
					"$(inherited)",
					"@executable_path/Frameworks",
					"@loader_path/Frameworks",
				);
				PRODUCT_BUNDLE_IDENTIFIER = unam.ProyectoDiploIOSTests;
				PRODUCT_NAME = "$(TARGET_NAME)";
				SWIFT_VERSION = 5.0;
				TARGETED_DEVICE_FAMILY = "1,2";
				TEST_HOST = "$(BUILT_PRODUCTS_DIR)/ProyectoDiploIOS.app/ProyectoDiploIOS";
			};
			name = Release;
		};
		E12A79272398931E003C7F42 /* Debug */ = {
			isa = XCBuildConfiguration;
			buildSettings = {
				ALWAYS_SEARCH_USER_PATHS = NO;
				CLANG_ANALYZER_NONNULL = YES;
				CLANG_ANALYZER_NUMBER_OBJECT_CONVERSION = YES_AGGRESSIVE;
				CLANG_CXX_LANGUAGE_STANDARD = "gnu++14";
				CLANG_CXX_LIBRARY = "libc++";
				CLANG_ENABLE_MODULES = YES;
				CLANG_ENABLE_OBJC_ARC = YES;
				CLANG_ENABLE_OBJC_WEAK = YES;
				CLANG_WARN_BLOCK_CAPTURE_AUTORELEASING = YES;
				CLANG_WARN_BOOL_CONVERSION = YES;
				CLANG_WARN_COMMA = YES;
				CLANG_WARN_CONSTANT_CONVERSION = YES;
				CLANG_WARN_DEPRECATED_OBJC_IMPLEMENTATIONS = YES;
				CLANG_WARN_DIRECT_OBJC_ISA_USAGE = YES_ERROR;
				CLANG_WARN_DOCUMENTATION_COMMENTS = YES;
				CLANG_WARN_EMPTY_BODY = YES;
				CLANG_WARN_ENUM_CONVERSION = YES;
				CLANG_WARN_INFINITE_RECURSION = YES;
				CLANG_WARN_INT_CONVERSION = YES;
				CLANG_WARN_NON_LITERAL_NULL_CONVERSION = YES;
				CLANG_WARN_OBJC_IMPLICIT_RETAIN_SELF = YES;
				CLANG_WARN_OBJC_LITERAL_CONVERSION = YES;
				CLANG_WARN_OBJC_ROOT_CLASS = YES_ERROR;
				CLANG_WARN_RANGE_LOOP_ANALYSIS = YES;
				CLANG_WARN_STRICT_PROTOTYPES = YES;
				CLANG_WARN_SUSPICIOUS_MOVE = YES;
				CLANG_WARN_UNGUARDED_AVAILABILITY = YES_AGGRESSIVE;
				CLANG_WARN_UNREACHABLE_CODE = YES;
				CLANG_WARN__DUPLICATE_METHOD_MATCH = YES;
				COPY_PHASE_STRIP = NO;
				DEBUG_INFORMATION_FORMAT = dwarf;
				ENABLE_STRICT_OBJC_MSGSEND = YES;
				ENABLE_TESTABILITY = YES;
				GCC_C_LANGUAGE_STANDARD = gnu11;
				GCC_DYNAMIC_NO_PIC = NO;
				GCC_NO_COMMON_BLOCKS = YES;
				GCC_OPTIMIZATION_LEVEL = 0;
				GCC_PREPROCESSOR_DEFINITIONS = (
					"DEBUG=1",
					"$(inherited)",
				);
				GCC_WARN_64_TO_32_BIT_CONVERSION = YES;
				GCC_WARN_ABOUT_RETURN_TYPE = YES_ERROR;
				GCC_WARN_UNDECLARED_SELECTOR = YES;
				GCC_WARN_UNINITIALIZED_AUTOS = YES_AGGRESSIVE;
				GCC_WARN_UNUSED_FUNCTION = YES;
				GCC_WARN_UNUSED_VARIABLE = YES;
				IPHONEOS_DEPLOYMENT_TARGET = 13.2;
				MTL_ENABLE_DEBUG_INFO = INCLUDE_SOURCE;
				MTL_FAST_MATH = YES;
				ONLY_ACTIVE_ARCH = YES;
				SDKROOT = iphoneos;
				SWIFT_ACTIVE_COMPILATION_CONDITIONS = DEBUG;
				SWIFT_OPTIMIZATION_LEVEL = "-Onone";
			};
			name = Debug;
		};
		E12A79282398931E003C7F42 /* Release */ = {
			isa = XCBuildConfiguration;
			buildSettings = {
				ALWAYS_SEARCH_USER_PATHS = NO;
				CLANG_ANALYZER_NONNULL = YES;
				CLANG_ANALYZER_NUMBER_OBJECT_CONVERSION = YES_AGGRESSIVE;
				CLANG_CXX_LANGUAGE_STANDARD = "gnu++14";
				CLANG_CXX_LIBRARY = "libc++";
				CLANG_ENABLE_MODULES = YES;
				CLANG_ENABLE_OBJC_ARC = YES;
				CLANG_ENABLE_OBJC_WEAK = YES;
				CLANG_WARN_BLOCK_CAPTURE_AUTORELEASING = YES;
				CLANG_WARN_BOOL_CONVERSION = YES;
				CLANG_WARN_COMMA = YES;
				CLANG_WARN_CONSTANT_CONVERSION = YES;
				CLANG_WARN_DEPRECATED_OBJC_IMPLEMENTATIONS = YES;
				CLANG_WARN_DIRECT_OBJC_ISA_USAGE = YES_ERROR;
				CLANG_WARN_DOCUMENTATION_COMMENTS = YES;
				CLANG_WARN_EMPTY_BODY = YES;
				CLANG_WARN_ENUM_CONVERSION = YES;
				CLANG_WARN_INFINITE_RECURSION = YES;
				CLANG_WARN_INT_CONVERSION = YES;
				CLANG_WARN_NON_LITERAL_NULL_CONVERSION = YES;
				CLANG_WARN_OBJC_IMPLICIT_RETAIN_SELF = YES;
				CLANG_WARN_OBJC_LITERAL_CONVERSION = YES;
				CLANG_WARN_OBJC_ROOT_CLASS = YES_ERROR;
				CLANG_WARN_RANGE_LOOP_ANALYSIS = YES;
				CLANG_WARN_STRICT_PROTOTYPES = YES;
				CLANG_WARN_SUSPICIOUS_MOVE = YES;
				CLANG_WARN_UNGUARDED_AVAILABILITY = YES_AGGRESSIVE;
				CLANG_WARN_UNREACHABLE_CODE = YES;
				CLANG_WARN__DUPLICATE_METHOD_MATCH = YES;
				COPY_PHASE_STRIP = NO;
				DEBUG_INFORMATION_FORMAT = "dwarf-with-dsym";
				ENABLE_NS_ASSERTIONS = NO;
				ENABLE_STRICT_OBJC_MSGSEND = YES;
				GCC_C_LANGUAGE_STANDARD = gnu11;
				GCC_NO_COMMON_BLOCKS = YES;
				GCC_WARN_64_TO_32_BIT_CONVERSION = YES;
				GCC_WARN_ABOUT_RETURN_TYPE = YES_ERROR;
				GCC_WARN_UNDECLARED_SELECTOR = YES;
				GCC_WARN_UNINITIALIZED_AUTOS = YES_AGGRESSIVE;
				GCC_WARN_UNUSED_FUNCTION = YES;
				GCC_WARN_UNUSED_VARIABLE = YES;
				IPHONEOS_DEPLOYMENT_TARGET = 13.2;
				MTL_ENABLE_DEBUG_INFO = NO;
				MTL_FAST_MATH = YES;
				SDKROOT = iphoneos;
				SWIFT_COMPILATION_MODE = wholemodule;
				SWIFT_OPTIMIZATION_LEVEL = "-O";
				VALIDATE_PRODUCT = YES;
			};
			name = Release;
		};
		E12A792A2398931E003C7F42 /* Debug */ = {
			isa = XCBuildConfiguration;
			baseConfigurationReference = 6F0FB2D3CDF1F74E7107C13F /* Pods-ProyectoDiploIOS.debug.xcconfig */;
			buildSettings = {
				ASSETCATALOG_COMPILER_APPICON_NAME = AppIcon;
				CODE_SIGN_STYLE = Automatic;
				DEVELOPMENT_TEAM = RMQP856RM3;
				INFOPLIST_FILE = ProyectoDiploIOS/Info.plist;
				LD_RUNPATH_SEARCH_PATHS = (
					"$(inherited)",
					"@executable_path/Frameworks",
				);
				PRODUCT_BUNDLE_IDENTIFIER = unam.ProyectoDiploIOS;
				PRODUCT_NAME = "$(TARGET_NAME)";
				SWIFT_VERSION = 5.0;
				TARGETED_DEVICE_FAMILY = "1,2";
			};
			name = Debug;
		};
		E12A792B2398931E003C7F42 /* Release */ = {
			isa = XCBuildConfiguration;
			baseConfigurationReference = C346E88F22699875849E3DC0 /* Pods-ProyectoDiploIOS.release.xcconfig */;
			buildSettings = {
				ASSETCATALOG_COMPILER_APPICON_NAME = AppIcon;
				CODE_SIGN_STYLE = Automatic;
				DEVELOPMENT_TEAM = RMQP856RM3;
				INFOPLIST_FILE = ProyectoDiploIOS/Info.plist;
				LD_RUNPATH_SEARCH_PATHS = (
					"$(inherited)",
					"@executable_path/Frameworks",
				);
				PRODUCT_BUNDLE_IDENTIFIER = unam.ProyectoDiploIOS;
				PRODUCT_NAME = "$(TARGET_NAME)";
				SWIFT_VERSION = 5.0;
				TARGETED_DEVICE_FAMILY = "1,2";
			};
			name = Release;
		};
/* End XCBuildConfiguration section */

/* Begin XCConfigurationList section */
		778EE61D23FDD59000BFB635 /* Build configuration list for PBXNativeTarget "ProyectoDiploIOSTests" */ = {
			isa = XCConfigurationList;
			buildConfigurations = (
				778EE61E23FDD59000BFB635 /* Debug */,
				778EE61F23FDD59000BFB635 /* Release */,
			);
			defaultConfigurationIsVisible = 0;
			defaultConfigurationName = Release;
		};
		E12A791023989319003C7F42 /* Build configuration list for PBXProject "ProyectoDiploIOS" */ = {
			isa = XCConfigurationList;
			buildConfigurations = (
				E12A79272398931E003C7F42 /* Debug */,
				E12A79282398931E003C7F42 /* Release */,
			);
			defaultConfigurationIsVisible = 0;
			defaultConfigurationName = Release;
		};
		E12A79292398931E003C7F42 /* Build configuration list for PBXNativeTarget "ProyectoDiploIOS" */ = {
			isa = XCConfigurationList;
			buildConfigurations = (
				E12A792A2398931E003C7F42 /* Debug */,
				E12A792B2398931E003C7F42 /* Release */,
			);
			defaultConfigurationIsVisible = 0;
			defaultConfigurationName = Release;
		};
/* End XCConfigurationList section */
	};
	rootObject = E12A790D23989319003C7F42 /* Project object */;
}
